
Microsoft Visual Studio Solution File, Format Version 11.00
# Visual Studio 2010
Project("{FAE04EC0-301F-11D3-BF4B-00C04F79EFBC}") = "Assembly-CSharp", "Assembly-CSharp.csproj", "{a6e56a62-1fb5-93af-457d-d34c917b8046}"
EndProject
Project("{FAE04EC0-301F-11D3-BF4B-00C04F79EFBC}") = "Assembly-CSharp-firstpass", "Assembly-CSharp-firstpass.csproj", "{394bd857-ff5b-e0cd-2f5f-e3f6330c637b}"
EndProject
Global
	GlobalSection(SolutionConfigurationPlatforms) = preSolution
		Debug|Any CPU = Debug|Any CPU
	EndGlobalSection
	GlobalSection(ProjectConfigurationPlatforms) = postSolution
		{a6e56a62-1fb5-93af-457d-d34c917b8046}.Debug|Any CPU.ActiveCfg = Debug|Any CPU
		{a6e56a62-1fb5-93af-457d-d34c917b8046}.Debug|Any CPU.Build.0 = Debug|Any CPU
		{394bd857-ff5b-e0cd-2f5f-e3f6330c637b}.Debug|Any CPU.ActiveCfg = Debug|Any CPU
		{394bd857-ff5b-e0cd-2f5f-e3f6330c637b}.Debug|Any CPU.Build.0 = Debug|Any CPU
	EndGlobalSection
	GlobalSection(SolutionProperties) = preSolution
		HideSolutionNode = FALSE
	EndGlobalSection
EndGlobal
